
Microsoft Visual Studio Solution File, Format Version 12.00
# Visual Studio Version 16
VisualStudioVersion = 16.0.32802.440
MinimumVisualStudioVersion = 10.0.40219.1
Project("{FAE04EC0-301F-11D3-BF4B-00C04F79EFBC}") = "TheHotelProject2", "TheHotelProject2\TheHotelProject2.csproj", "{9EE72D18-66BE-49E1-9358-116EA412F7B3}"
EndProject
Global
	GlobalSection(SolutionConfigurationPlatforms) = preSolution
		Debug|Any CPU = Debug|Any CPU
		Release|Any CPU = Release|Any CPU
	EndGlobalSection
	GlobalSection(ProjectConfigurationPlatforms) = postSolution
		{9EE72D18-66BE-49E1-9358-116EA412F7B3}.Debug|Any CPU.ActiveCfg = Debug|Any CPU
		{9EE72D18-66BE-49E1-9358-116EA412F7B3}.Debug|Any CPU.Build.0 = Debug|Any CPU
		{9EE72D18-66BE-49E1-9358-116EA412F7B3}.Release|Any CPU.ActiveCfg = Release|Any CPU
		{9EE72D18-66BE-49E1-9358-116EA412F7B3}.Release|Any CPU.Build.0 = Release|Any CPU
	EndGlobalSection
	GlobalSection(SolutionProperties) = preSolution
		HideSolutionNode = FALSE
	EndGlobalSection
	GlobalSection(ExtensibilityGlobals) = postSolution
		SolutionGuid = {31860807-3853-437F-ACA5-D87FC22A3A46}
	EndGlobalSection
EndGlobal
